
Microsoft Visual Studio Solution File, Format Version 12.00
# Visual Studio Version 17
VisualStudioVersion = 17.0.31903.59
MinimumVisualStudioVersion = 10.0.40219.1
Project("{FAE04EC0-301F-11D3-BF4B-00C04F79EFBC}") = "Day7Part1", "Day7Part1\Day7Part1.csproj", "{80188478-8264-465A-BEAE-A7482448D6D2}"
EndProject
Project("{FAE04EC0-301F-11D3-BF4B-00C04F79EFBC}") = "Day7Part2", "Day7Part2\Day7Part2.csproj", "{370D66F0-E644-4A5C-9F9D-1235211BC1B4}"
EndProject
Global
	GlobalSection(SolutionConfigurationPlatforms) = preSolution
		Debug|Any CPU = Debug|Any CPU
		Release|Any CPU = Release|Any CPU
	EndGlobalSection
	GlobalSection(SolutionProperties) = preSolution
		HideSolutionNode = FALSE
	EndGlobalSection
	GlobalSection(ProjectConfigurationPlatforms) = postSolution
		{80188478-8264-465A-BEAE-A7482448D6D2}.Debug|Any CPU.ActiveCfg = Debug|Any CPU
		{80188478-8264-465A-BEAE-A7482448D6D2}.Debug|Any CPU.Build.0 = Debug|Any CPU
		{80188478-8264-465A-BEAE-A7482448D6D2}.Release|Any CPU.ActiveCfg = Release|Any CPU
		{80188478-8264-465A-BEAE-A7482448D6D2}.Release|Any CPU.Build.0 = Release|Any CPU
		{370D66F0-E644-4A5C-9F9D-1235211BC1B4}.Debug|Any CPU.ActiveCfg = Debug|Any CPU
		{370D66F0-E644-4A5C-9F9D-1235211BC1B4}.Debug|Any CPU.Build.0 = Debug|Any CPU
		{370D66F0-E644-4A5C-9F9D-1235211BC1B4}.Release|Any CPU.ActiveCfg = Release|Any CPU
		{370D66F0-E644-4A5C-9F9D-1235211BC1B4}.Release|Any CPU.Build.0 = Release|Any CPU
	EndGlobalSection
EndGlobal
